
Microsoft Visual Studio Solution File, Format Version 12.00
# Visual Studio Version 16
VisualStudioVersion = 16.0.32802.440
MinimumVisualStudioVersion = 10.0.40219.1
Project("{FAE04EC0-301F-11D3-BF4B-00C04F79EFBC}") = "StockMarketApp", "StockMarketApp.csproj", "{D791A6DA-F670-4B1B-9F42-98C3AC47231E}"
EndProject
Global
	GlobalSection(SolutionConfigurationPlatforms) = preSolution
		Debug|Any CPU = Debug|Any CPU
		Release|Any CPU = Release|Any CPU
	EndGlobalSection
	GlobalSection(ProjectConfigurationPlatforms) = postSolution
		{D791A6DA-F670-4B1B-9F42-98C3AC47231E}.Debug|Any CPU.ActiveCfg = Debug|Any CPU
		{D791A6DA-F670-4B1B-9F42-98C3AC47231E}.Debug|Any CPU.Build.0 = Debug|Any CPU
		{D791A6DA-F670-4B1B-9F42-98C3AC47231E}.Release|Any CPU.ActiveCfg = Release|Any CPU
		{D791A6DA-F670-4B1B-9F42-98C3AC47231E}.Release|Any CPU.Build.0 = Release|Any CPU
	EndGlobalSection
	GlobalSection(SolutionProperties) = preSolution
		HideSolutionNode = FALSE
	EndGlobalSection
	GlobalSection(ExtensibilityGlobals) = postSolution
		SolutionGuid = {C4E981F2-9906-4569-9535-2ACF5F7274FE}
	EndGlobalSection
EndGlobal
